
Microsoft Visual Studio Solution File, Format Version 12.00
# Visual Studio Version 17
VisualStudioVersion = 17.3.32929.385
MinimumVisualStudioVersion = 10.0.40219.1
Project("{FAE04EC0-301F-11D3-BF4B-00C04F79EFBC}") = "PG Management System", "PG Management System\PG Management System.csproj", "{9C82E895-E7B2-4A54-8C9E-28BABDE481C3}"
EndProject
Project("{54435603-DBB4-11D2-8724-00A0C9A8B90C}") = "PGMS_Setup", "PGMS_Setup\PGMS_Setup.vdproj", "{130ECBDC-22F8-4159-956A-A9D6FABE6237}"
EndProject
Global
	GlobalSection(SolutionConfigurationPlatforms) = preSolution
		Debug|Any CPU = Debug|Any CPU
		Release|Any CPU = Release|Any CPU
	EndGlobalSection
	GlobalSection(ProjectConfigurationPlatforms) = postSolution
		{9C82E895-E7B2-4A54-8C9E-28BABDE481C3}.Debug|Any CPU.ActiveCfg = Debug|Any CPU
		{9C82E895-E7B2-4A54-8C9E-28BABDE481C3}.Debug|Any CPU.Build.0 = Debug|Any CPU
		{9C82E895-E7B2-4A54-8C9E-28BABDE481C3}.Release|Any CPU.ActiveCfg = Release|Any CPU
		{9C82E895-E7B2-4A54-8C9E-28BABDE481C3}.Release|Any CPU.Build.0 = Release|Any CPU
		{130ECBDC-22F8-4159-956A-A9D6FABE6237}.Debug|Any CPU.ActiveCfg = Debug
		{130ECBDC-22F8-4159-956A-A9D6FABE6237}.Release|Any CPU.ActiveCfg = Release
	EndGlobalSection
	GlobalSection(SolutionProperties) = preSolution
		HideSolutionNode = FALSE
	EndGlobalSection
	GlobalSection(ExtensibilityGlobals) = postSolution
		SolutionGuid = {EDD4BF74-8B60-439E-9CE6-A9411A1758F7}
	EndGlobalSection
EndGlobal
